
Microsoft Visual Studio Solution File, Format Version 12.00
# Visual Studio Version 16
VisualStudioVersion = 16.0.30011.22
MinimumVisualStudioVersion = 10.0.40219.1
Project("{FAE04EC0-301F-11D3-BF4B-00C04F79EFBC}") = "6.Canny-Xanarin_Bluetooth_Android", "6.Canny-Xanarin_Bluetooth_Android.csproj", "{927404A8-6DB1-4134-9AE0-5D0C5A1FB5CD}"
EndProject
Global
	GlobalSection(SolutionConfigurationPlatforms) = preSolution
		Debug|Any CPU = Debug|Any CPU
		Release|Any CPU = Release|Any CPU
	EndGlobalSection
	GlobalSection(ProjectConfigurationPlatforms) = postSolution
		{927404A8-6DB1-4134-9AE0-5D0C5A1FB5CD}.Debug|Any CPU.ActiveCfg = Debug|Any CPU
		{927404A8-6DB1-4134-9AE0-5D0C5A1FB5CD}.Debug|Any CPU.Build.0 = Debug|Any CPU
		{927404A8-6DB1-4134-9AE0-5D0C5A1FB5CD}.Debug|Any CPU.Deploy.0 = Debug|Any CPU
		{927404A8-6DB1-4134-9AE0-5D0C5A1FB5CD}.Release|Any CPU.ActiveCfg = Release|Any CPU
		{927404A8-6DB1-4134-9AE0-5D0C5A1FB5CD}.Release|Any CPU.Build.0 = Release|Any CPU
		{927404A8-6DB1-4134-9AE0-5D0C5A1FB5CD}.Release|Any CPU.Deploy.0 = Release|Any CPU
	EndGlobalSection
	GlobalSection(SolutionProperties) = preSolution
		HideSolutionNode = FALSE
	EndGlobalSection
	GlobalSection(ExtensibilityGlobals) = postSolution
		SolutionGuid = {D8A8AD04-819F-4837-A97A-0C2F26DC85C9}
	EndGlobalSection
EndGlobal
